
Microsoft Visual Studio Solution File, Format Version 12.00
# Visual Studio Version 16
VisualStudioVersion = 16.0.31313.79
MinimumVisualStudioVersion = 10.0.40219.1
Project("{2150E333-8FDC-42A3-9474-1A3956D46DE8}") = "Solution Items", "Solution Items", "{62AE6DD5-CF15-4BA4-9224-1D0655C8EED6}"
	ProjectSection(SolutionItems) = preProject
		test.txt = test.txt
	EndProjectSection
EndProject
Global
	GlobalSection(SolutionProperties) = preSolution
		HideSolutionNode = FALSE
	EndGlobalSection
	GlobalSection(ExtensibilityGlobals) = postSolution
		SolutionGuid = {12287EF1-33D0-420A-8DFD-2391E9B36D77}
	EndGlobalSection
EndGlobal
